{
  "originHash" : "adc79e9d2a62b62b57ce3fddca92689557e10cc89bbe24bc315fc9725b2c35f8",
  "pins" : [
    {
      "identity" : "faiss-mobile",
      "kind" : "remoteSourceControl",
      "location" : "https://github.com/DeveloperMindset-com/faiss-mobile",
      "state" : {
        "revision" : "bc775df1e598fca39f1c3588e3814e66e27430fc"
      }
    },
    {
      "identity" : "grdb.swift",
      "kind" : "remoteSourceControl",
      "location" : "https://github.com/groue/GRDB.swift",
      "state" : {
        "revision" : "04543755d8deeaacf122e2856e4fc056dc304277"
      }
    },
    {
      "identity" : "mlx-swift",
      "kind" : "remoteSourceControl",
      "location" : "https://github.com/ml-explore/mlx-swift",
      "state" : {
        "revision" : "948000ceaa27c343f4dd5ce40f727f221bf45c6e"
      }
    },
    {
      "identity" : "openmp-mobile",
      "kind" : "remoteSourceControl",
      "location" : "https://github.com/DeveloperMindset-com/openmp-mobile",
      "state" : {
        "revision" : "06ebe6ac77da8e50557bfe5a5bca5a8acc7678b1"
      }
    },
    {
      "identity" : "swift-argument-parser",
      "kind" : "remoteSourceControl",
      "location" : "https://github.com/apple/swift-argument-parser.git",
      "state" : {
        "revision" : "c8ed701b513cf5177118a175d85fbbbcd707ab41",
        "version" : "1.3.0"
      }
    },
    {
      "identity" : "swift-async-algorithms",
      "kind" : "remoteSourceControl",
      "location" : "https://github.com/apple/swift-async-algorithms.git",
      "state" : {
        "revision" : "da4e36f86544cdf733a40d59b3a2267e3a7bbf36",
        "version" : "1.0.0"
      }
    },
    {
      "identity" : "swift-collections",
      "kind" : "remoteSourceControl",
      "location" : "https://github.com/apple/swift-collections.git",
      "state" : {
        "revision" : "3d2dc41a01f9e49d84f0a3925fb858bed64f702d",
        "version" : "1.1.2"
      }
    },
    {
      "identity" : "swift-numerics",
      "kind" : "remoteSourceControl",
      "location" : "https://github.com/apple/swift-numerics",
      "state" : {
        "revision" : "0a5bc04095a675662cf24757cc0640aa2204253b",
        "version" : "1.0.2"
      }
    },
    {
      "identity" : "swift-transformers",
      "kind" : "remoteSourceControl",
      "location" : "https://github.com/huggingface/swift-transformers",
      "state" : {
        "revision" : "564442fba36b0b694d730a62d0593e5f54043b55",
        "version" : "0.1.2"
      }
    },
    {
      "identity" : "swiftwhisper",
      "kind" : "remoteSourceControl",
      "location" : "https://github.com/exPHAT/SwiftWhisper.git",
      "state" : {
        "revision" : "a192004db08de7c6eaa169eede77f1625e7d23fb",
        "version" : "1.2.0"
      }
    },
    {
      "identity" : "tiktoken",
      "kind" : "remoteSourceControl",
      "location" : "https://github.com/aespinilla/Tiktoken",
      "state" : {
        "revision" : "4ad6460448278f7a28f1e4ee2723500369f20acb"
      }
    }
  ],
  "version" : 3
}
