// !$*UTF8*$!
{
	archiveVersion = 1;
	classes = {
	};
	objectVersion = 54;
	objects = {

/* Begin PBXBuildFile section */
		00E356F31AD99517003FC87E /* CobaltMobileRNTests.m in Sources */ = {isa = PBXBuildFile; fileRef = 00E356F21AD99517003FC87E /* CobaltMobileRNTests.m */; };
		0C80B921A6F3F58F76C31292 /* libPods-CobaltMobileRN.a in Frameworks */ = {isa = PBXBuildFile; fileRef = 5DCACB8F33CDC322A6C60F78 /* libPods-CobaltMobileRN.a */; };
		13B07FBC1A68108700A75B9A /* AppDelegate.mm in Sources */ = {isa = PBXBuildFile; fileRef = 13B07FB01A68108700A75B9A /* AppDelegate.mm */; };
		13B07FBF1A68108700A75B9A /* Images.xcassets in Resources */ = {isa = PBXBuildFile; fileRef = 13B07FB51A68108700A75B9A /* Images.xcassets */; };
		13B07FC11A68108700A75B9A /* main.m in Sources */ = {isa = PBXBuildFile; fileRef = 13B07FB71A68108700A75B9A /* main.m */; };
		7699B88040F8A987B510C191 /* libPods-CobaltMobileRN-CobaltMobileRNTests.a in Frameworks */ = {isa = PBXBuildFile; fileRef = 19F6CBCC0A4E27FBF8BF4A61 /* libPods-CobaltMobileRN-CobaltMobileRNTests.a */; };
		81AB9BB82411601600AC10FF /* LaunchScreen.storyboard in Resources */ = {isa = PBXBuildFile; fileRef = 81AB9BB72411601600AC10FF /* LaunchScreen.storyboard */; };
		8C022CDE2BB5CEE500CBB95A /* StoreKit.framework in Frameworks */ = {isa = PBXBuildFile; fileRef = 8C022CDD2BB5CEE500CBB95A /* StoreKit.framework */; };
		8C022CE02BB5D67900CBB95A /* SyncedProducts.storekit in Resources */ = {isa = PBXBuildFile; fileRef = 8C022CDF2BB5D67900CBB95A /* SyncedProducts.storekit */; };
		8C097E582BB0EC9C0078CE31 /* CodeGenTokenizer.swift in Sources */ = {isa = PBXBuildFile; fileRef = 8C097E572BB0EC9C0078CE31 /* CodeGenTokenizer.swift */; };
		8C097E662BB19BE70078CE31 /* CodeGen-merges.txt in Resources */ = {isa = PBXBuildFile; fileRef = 8C097E642BB19BE70078CE31 /* CodeGen-merges.txt */; };
		8C097E672BB19BE70078CE31 /* CodeGen-vocab.json in Resources */ = {isa = PBXBuildFile; fileRef = 8C097E652BB19BE70078CE31 /* CodeGen-vocab.json */; };
		8C33BC332BA418EC0023A2D9 /* TextFeatureExtractor.swift in Sources */ = {isa = PBXBuildFile; fileRef = 8C33BC322BA418EC0023A2D9 /* TextFeatureExtractor.swift */; };
		8C33BC352BA419EA0023A2D9 /* TextFeatureExtractor.m in Sources */ = {isa = PBXBuildFile; fileRef = 8C33BC342BA419EA0023A2D9 /* TextFeatureExtractor.m */; };
		8C33BC392BA42DD40023A2D9 /* MiniLM-vocab.txt in Resources */ = {isa = PBXBuildFile; fileRef = 8C33BC382BA42DD40023A2D9 /* MiniLM-vocab.txt */; };
		8C33BC3C2BA430B60023A2D9 /* Transformers in Frameworks */ = {isa = PBXBuildFile; productRef = 8C33BC3B2BA430B60023A2D9 /* Transformers */; };
		8C33BC3E2BA43DEC0023A2D9 /* BertTokenizer.swift in Sources */ = {isa = PBXBuildFile; fileRef = 8C33BC3D2BA43DEC0023A2D9 /* BertTokenizer.swift */; };
		8C33BC402BA563BE0023A2D9 /* all-MiniLM-L6-v2-coreml-float32.mlpackage in Sources */ = {isa = PBXBuildFile; fileRef = 8C33BC3F2BA563BE0023A2D9 /* all-MiniLM-L6-v2-coreml-float32.mlpackage */; };
		8C99CED92BACA4E600400086 /* Ionicons.ttf in Resources */ = {isa = PBXBuildFile; fileRef = 8C99CED82BACA4E600400086 /* Ionicons.ttf */; };
		8C9AAF892BAB279300FF60EF /* Tiktoken in Frameworks */ = {isa = PBXBuildFile; productRef = 8C9AAF882BAB279300FF60EF /* Tiktoken */; };
		8C9AAF8D2BAB2B4100FF60EF /* NativeTokenizer.m in Sources */ = {isa = PBXBuildFile; fileRef = 8C9AAF8C2BAB2B4100FF60EF /* NativeTokenizer.m */; };
		8C9AAF8F2BAB2C7300FF60EF /* NativeTokenizer.swift in Sources */ = {isa = PBXBuildFile; fileRef = 8C9AAF8E2BAB2C7300FF60EF /* NativeTokenizer.swift */; };
		8CACCE4F2BA29DD2004643C2 /* Evaluate.swift in Sources */ = {isa = PBXBuildFile; fileRef = 8CACCE472BA29DD2004643C2 /* Evaluate.swift */; };
		8CACCE502BA29DD2004643C2 /* Configuration.swift in Sources */ = {isa = PBXBuildFile; fileRef = 8CACCE482BA29DD2004643C2 /* Configuration.swift */; };
		8CACCE512BA29DD2004643C2 /* Load.swift in Sources */ = {isa = PBXBuildFile; fileRef = 8CACCE4A2BA29DD2004643C2 /* Load.swift */; };
		8CACCE522BA29DD2004643C2 /* Tokenizer.swift in Sources */ = {isa = PBXBuildFile; fileRef = 8CACCE4B2BA29DD2004643C2 /* Tokenizer.swift */; };
		8CACCE532BA29DD2004643C2 /* LLMModel.swift in Sources */ = {isa = PBXBuildFile; fileRef = 8CACCE4C2BA29DD2004643C2 /* LLMModel.swift */; };
		8CACCE542BA29DD2004643C2 /* Models.swift in Sources */ = {isa = PBXBuildFile; fileRef = 8CACCE4D2BA29DD2004643C2 /* Models.swift */; };
		8CACCE552BA29DD2004643C2 /* Phi.swift in Sources */ = {isa = PBXBuildFile; fileRef = 8CACCE4E2BA29DD2004643C2 /* Phi.swift */; };
		8CACCE5A2BA2BC32004643C2 /* Llama.swift in Sources */ = {isa = PBXBuildFile; fileRef = 8CACCE592BA2BC32004643C2 /* Llama.swift */; };
		8CACCE5E2BA2BC50004643C2 /* Gemma.swift in Sources */ = {isa = PBXBuildFile; fileRef = 8CACCE5B2BA2BC50004643C2 /* Gemma.swift */; };
		8CACCE5F2BA2BC50004643C2 /* Starcoder2.swift in Sources */ = {isa = PBXBuildFile; fileRef = 8CACCE5C2BA2BC50004643C2 /* Starcoder2.swift */; };
		8CACCE602BA2BC50004643C2 /* Qwen2.swift in Sources */ = {isa = PBXBuildFile; fileRef = 8CACCE5D2BA2BC50004643C2 /* Qwen2.swift */; };
		8CC3082B2BB378F900D70C69 /* Montserrat-VariableFont_wght.ttf in Resources */ = {isa = PBXBuildFile; fileRef = 8CC308272BB378F800D70C69 /* Montserrat-VariableFont_wght.ttf */; };
		8CC3082C2BB378F900D70C69 /* Montserrat-Italic-VariableFont_wght.ttf in Resources */ = {isa = PBXBuildFile; fileRef = 8CC308282BB378F800D70C69 /* Montserrat-Italic-VariableFont_wght.ttf */; };
		8CC3082D2BB378F900D70C69 /* Nunito-VariableFont_wght.ttf in Resources */ = {isa = PBXBuildFile; fileRef = 8CC308292BB378F800D70C69 /* Nunito-VariableFont_wght.ttf */; };
		8CC3082E2BB378F900D70C69 /* Nunito-Italic-VariableFont_wght.ttf in Resources */ = {isa = PBXBuildFile; fileRef = 8CC3082A2BB378F800D70C69 /* Nunito-Italic-VariableFont_wght.ttf */; };
		8CFA35FD2BA18D80009546C7 /* FaissBridge.m in Sources */ = {isa = PBXBuildFile; fileRef = 8CFA35FC2BA18D80009546C7 /* FaissBridge.m */; };
		8CFA36002BA1A408009546C7 /* MLX in Frameworks */ = {isa = PBXBuildFile; productRef = 8CFA35FF2BA1A408009546C7 /* MLX */; };
		8CFA36022BA1A408009546C7 /* MLXFFT in Frameworks */ = {isa = PBXBuildFile; productRef = 8CFA36012BA1A408009546C7 /* MLXFFT */; };
		8CFA36042BA1A408009546C7 /* MLXLinalg in Frameworks */ = {isa = PBXBuildFile; productRef = 8CFA36032BA1A408009546C7 /* MLXLinalg */; };
		8CFA36062BA1A408009546C7 /* MLXNN in Frameworks */ = {isa = PBXBuildFile; productRef = 8CFA36052BA1A408009546C7 /* MLXNN */; };
		8CFA36082BA1A408009546C7 /* MLXOptimizers in Frameworks */ = {isa = PBXBuildFile; productRef = 8CFA36072BA1A408009546C7 /* MLXOptimizers */; settings = {ATTRIBUTES = (Required, ); }; };
		8CFA360A2BA1A408009546C7 /* MLXRandom in Frameworks */ = {isa = PBXBuildFile; productRef = 8CFA36092BA1A408009546C7 /* MLXRandom */; };
		8CFA36232BA291D4009546C7 /* LLMNativeModule.swift in Sources */ = {isa = PBXBuildFile; fileRef = 8CFA36222BA291D4009546C7 /* LLMNativeModule.swift */; };
		8CFA36252BA29209009546C7 /* LLMNativeModule.m in Sources */ = {isa = PBXBuildFile; fileRef = 8CFA36242BA29209009546C7 /* LLMNativeModule.m */; };
		8CFA36282BA299C9009546C7 /* AsyncAlgorithms in Frameworks */ = {isa = PBXBuildFile; productRef = 8CFA36272BA299C9009546C7 /* AsyncAlgorithms */; };
		8CFD0A1D2BA3E32C0080EBE1 /* OpenMP in Frameworks */ = {isa = PBXBuildFile; productRef = 8CFD0A1C2BA3E32C0080EBE1 /* OpenMP */; };
		8CFD0A222BA3E6340080EBE1 /* FAISS in Frameworks */ = {isa = PBXBuildFile; productRef = 8CFD0A212BA3E6340080EBE1 /* FAISS */; };
		8CFD0A242BA3E6340080EBE1 /* FAISS_C in Frameworks */ = {isa = PBXBuildFile; productRef = 8CFD0A232BA3E6340080EBE1 /* FAISS_C */; };
/* End PBXBuildFile section */

/* Begin PBXContainerItemProxy section */
		00E356F41AD99517003FC87E /* PBXContainerItemProxy */ = {
			isa = PBXContainerItemProxy;
			containerPortal = 83CBB9F71A601CBA00E9B192 /* Project object */;
			proxyType = 1;
			remoteGlobalIDString = 13B07F861A680F5B00A75B9A;
			remoteInfo = CobaltMobileRN;
		};
/* End PBXContainerItemProxy section */

/* Begin PBXFileReference section */
		00E356EE1AD99517003FC87E /* CobaltMobileRNTests.xctest */ = {isa = PBXFileReference; explicitFileType = wrapper.cfbundle; includeInIndex = 0; path = CobaltMobileRNTests.xctest; sourceTree = BUILT_PRODUCTS_DIR; };
		00E356F11AD99517003FC87E /* Info.plist */ = {isa = PBXFileReference; lastKnownFileType = text.plist.xml; path = Info.plist; sourceTree = "<group>"; };
		00E356F21AD99517003FC87E /* CobaltMobileRNTests.m */ = {isa = PBXFileReference; lastKnownFileType = sourcecode.c.objc; path = CobaltMobileRNTests.m; sourceTree = "<group>"; };
		13B07F961A680F5B00A75B9A /* CobaltMobileRN.app */ = {isa = PBXFileReference; explicitFileType = wrapper.application; includeInIndex = 0; path = CobaltMobileRN.app; sourceTree = BUILT_PRODUCTS_DIR; };
		13B07FAF1A68108700A75B9A /* AppDelegate.h */ = {isa = PBXFileReference; fileEncoding = 4; lastKnownFileType = sourcecode.c.h; name = AppDelegate.h; path = CobaltMobileRN/AppDelegate.h; sourceTree = "<group>"; };
		13B07FB01A68108700A75B9A /* AppDelegate.mm */ = {isa = PBXFileReference; fileEncoding = 4; lastKnownFileType = sourcecode.cpp.objcpp; name = AppDelegate.mm; path = CobaltMobileRN/AppDelegate.mm; sourceTree = "<group>"; };
		13B07FB51A68108700A75B9A /* Images.xcassets */ = {isa = PBXFileReference; lastKnownFileType = folder.assetcatalog; name = Images.xcassets; path = CobaltMobileRN/Images.xcassets; sourceTree = "<group>"; };
		13B07FB61A68108700A75B9A /* Info.plist */ = {isa = PBXFileReference; fileEncoding = 4; lastKnownFileType = text.plist.xml; name = Info.plist; path = CobaltMobileRN/Info.plist; sourceTree = "<group>"; };
		13B07FB71A68108700A75B9A /* main.m */ = {isa = PBXFileReference; fileEncoding = 4; lastKnownFileType = sourcecode.c.objc; name = main.m; path = CobaltMobileRN/main.m; sourceTree = "<group>"; };
		19F6CBCC0A4E27FBF8BF4A61 /* libPods-CobaltMobileRN-CobaltMobileRNTests.a */ = {isa = PBXFileReference; explicitFileType = archive.ar; includeInIndex = 0; path = "libPods-CobaltMobileRN-CobaltMobileRNTests.a"; sourceTree = BUILT_PRODUCTS_DIR; };
		3B4392A12AC88292D35C810B /* Pods-CobaltMobileRN.debug.xcconfig */ = {isa = PBXFileReference; includeInIndex = 1; lastKnownFileType = text.xcconfig; name = "Pods-CobaltMobileRN.debug.xcconfig"; path = "Target Support Files/Pods-CobaltMobileRN/Pods-CobaltMobileRN.debug.xcconfig"; sourceTree = "<group>"; };
		5709B34CF0A7D63546082F79 /* Pods-CobaltMobileRN.release.xcconfig */ = {isa = PBXFileReference; includeInIndex = 1; lastKnownFileType = text.xcconfig; name = "Pods-CobaltMobileRN.release.xcconfig"; path = "Target Support Files/Pods-CobaltMobileRN/Pods-CobaltMobileRN.release.xcconfig"; sourceTree = "<group>"; };
		5B7EB9410499542E8C5724F5 /* Pods-CobaltMobileRN-CobaltMobileRNTests.debug.xcconfig */ = {isa = PBXFileReference; includeInIndex = 1; lastKnownFileType = text.xcconfig; name = "Pods-CobaltMobileRN-CobaltMobileRNTests.debug.xcconfig"; path = "Target Support Files/Pods-CobaltMobileRN-CobaltMobileRNTests/Pods-CobaltMobileRN-CobaltMobileRNTests.debug.xcconfig"; sourceTree = "<group>"; };
		5DCACB8F33CDC322A6C60F78 /* libPods-CobaltMobileRN.a */ = {isa = PBXFileReference; explicitFileType = archive.ar; includeInIndex = 0; path = "libPods-CobaltMobileRN.a"; sourceTree = BUILT_PRODUCTS_DIR; };
		81AB9BB72411601600AC10FF /* LaunchScreen.storyboard */ = {isa = PBXFileReference; fileEncoding = 4; lastKnownFileType = file.storyboard; name = LaunchScreen.storyboard; path = CobaltMobileRN/LaunchScreen.storyboard; sourceTree = "<group>"; };
		89C6BE57DB24E9ADA2F236DE /* Pods-CobaltMobileRN-CobaltMobileRNTests.release.xcconfig */ = {isa = PBXFileReference; includeInIndex = 1; lastKnownFileType = text.xcconfig; name = "Pods-CobaltMobileRN-CobaltMobileRNTests.release.xcconfig"; path = "Target Support Files/Pods-CobaltMobileRN-CobaltMobileRNTests/Pods-CobaltMobileRN-CobaltMobileRNTests.release.xcconfig"; sourceTree = "<group>"; };
		8C022CDD2BB5CEE500CBB95A /* StoreKit.framework */ = {isa = PBXFileReference; lastKnownFileType = wrapper.framework; name = StoreKit.framework; path = System/Library/Frameworks/StoreKit.framework; sourceTree = SDKROOT; };
		8C022CDF2BB5D67900CBB95A /* SyncedProducts.storekit */ = {isa = PBXFileReference; lastKnownFileType = text; path = SyncedProducts.storekit; sourceTree = "<group>"; };
		8C097E572BB0EC9C0078CE31 /* CodeGenTokenizer.swift */ = {isa = PBXFileReference; lastKnownFileType = sourcecode.swift; path = CodeGenTokenizer.swift; sourceTree = "<group>"; };
		8C097E642BB19BE70078CE31 /* CodeGen-merges.txt */ = {isa = PBXFileReference; fileEncoding = 4; lastKnownFileType = text; path = "CodeGen-merges.txt"; sourceTree = "<group>"; };
		8C097E652BB19BE70078CE31 /* CodeGen-vocab.json */ = {isa = PBXFileReference; fileEncoding = 4; lastKnownFileType = text.json; path = "CodeGen-vocab.json"; sourceTree = "<group>"; };
		8C33BC322BA418EC0023A2D9 /* TextFeatureExtractor.swift */ = {isa = PBXFileReference; lastKnownFileType = sourcecode.swift; path = TextFeatureExtractor.swift; sourceTree = "<group>"; };
		8C33BC342BA419EA0023A2D9 /* TextFeatureExtractor.m */ = {isa = PBXFileReference; lastKnownFileType = sourcecode.c.objc; path = TextFeatureExtractor.m; sourceTree = "<group>"; };
		8C33BC382BA42DD40023A2D9 /* MiniLM-vocab.txt */ = {isa = PBXFileReference; fileEncoding = 4; lastKnownFileType = text; path = "MiniLM-vocab.txt"; sourceTree = "<group>"; };
		8C33BC3D2BA43DEC0023A2D9 /* BertTokenizer.swift */ = {isa = PBXFileReference; lastKnownFileType = sourcecode.swift; path = BertTokenizer.swift; sourceTree = "<group>"; };
		8C33BC3F2BA563BE0023A2D9 /* all-MiniLM-L6-v2-coreml-float32.mlpackage */ = {isa = PBXFileReference; lastKnownFileType = folder.mlpackage; path = "all-MiniLM-L6-v2-coreml-float32.mlpackage"; sourceTree = "<group>"; };
		8C99CED82BACA4E600400086 /* Ionicons.ttf */ = {isa = PBXFileReference; lastKnownFileType = file; name = Ionicons.ttf; path = "../../node_modules/react-native-vector-icons/Fonts/Ionicons.ttf"; sourceTree = "<group>"; };
		8C9AAF8C2BAB2B4100FF60EF /* NativeTokenizer.m */ = {isa = PBXFileReference; lastKnownFileType = sourcecode.c.objc; path = NativeTokenizer.m; sourceTree = "<group>"; };
		8C9AAF8E2BAB2C7300FF60EF /* NativeTokenizer.swift */ = {isa = PBXFileReference; lastKnownFileType = sourcecode.swift; path = NativeTokenizer.swift; sourceTree = "<group>"; };
		8CACCE472BA29DD2004643C2 /* Evaluate.swift */ = {isa = PBXFileReference; fileEncoding = 4; lastKnownFileType = sourcecode.swift; path = Evaluate.swift; sourceTree = "<group>"; };
		8CACCE482BA29DD2004643C2 /* Configuration.swift */ = {isa = PBXFileReference; fileEncoding = 4; lastKnownFileType = sourcecode.swift; path = Configuration.swift; sourceTree = "<group>"; };
		8CACCE4A2BA29DD2004643C2 /* Load.swift */ = {isa = PBXFileReference; fileEncoding = 4; lastKnownFileType = sourcecode.swift; path = Load.swift; sourceTree = "<group>"; };
		8CACCE4B2BA29DD2004643C2 /* Tokenizer.swift */ = {isa = PBXFileReference; fileEncoding = 4; lastKnownFileType = sourcecode.swift; path = Tokenizer.swift; sourceTree = "<group>"; };
		8CACCE4C2BA29DD2004643C2 /* LLMModel.swift */ = {isa = PBXFileReference; fileEncoding = 4; lastKnownFileType = sourcecode.swift; path = LLMModel.swift; sourceTree = "<group>"; };
		8CACCE4D2BA29DD2004643C2 /* Models.swift */ = {isa = PBXFileReference; fileEncoding = 4; lastKnownFileType = sourcecode.swift; path = Models.swift; sourceTree = "<group>"; };
		8CACCE4E2BA29DD2004643C2 /* Phi.swift */ = {isa = PBXFileReference; fileEncoding = 4; lastKnownFileType = sourcecode.swift; path = Phi.swift; sourceTree = "<group>"; };
		8CACCE592BA2BC32004643C2 /* Llama.swift */ = {isa = PBXFileReference; fileEncoding = 4; lastKnownFileType = sourcecode.swift; path = Llama.swift; sourceTree = "<group>"; };
		8CACCE5B2BA2BC50004643C2 /* Gemma.swift */ = {isa = PBXFileReference; fileEncoding = 4; lastKnownFileType = sourcecode.swift; path = Gemma.swift; sourceTree = "<group>"; };
		8CACCE5C2BA2BC50004643C2 /* Starcoder2.swift */ = {isa = PBXFileReference; fileEncoding = 4; lastKnownFileType = sourcecode.swift; path = Starcoder2.swift; sourceTree = "<group>"; };
		8CACCE5D2BA2BC50004643C2 /* Qwen2.swift */ = {isa = PBXFileReference; fileEncoding = 4; lastKnownFileType = sourcecode.swift; path = Qwen2.swift; sourceTree = "<group>"; };
		8CACCE612BA2C3EF004643C2 /* CobaltMobileRNDebug.entitlements */ = {isa = PBXFileReference; lastKnownFileType = text.plist.entitlements; name = CobaltMobileRNDebug.entitlements; path = CobaltMobileRN/CobaltMobileRNDebug.entitlements; sourceTree = "<group>"; };
		8CC308272BB378F800D70C69 /* Montserrat-VariableFont_wght.ttf */ = {isa = PBXFileReference; lastKnownFileType = file; name = "Montserrat-VariableFont_wght.ttf"; path = "../../assets/fonts/Montserrat-VariableFont_wght.ttf"; sourceTree = "<group>"; };
		8CC308282BB378F800D70C69 /* Montserrat-Italic-VariableFont_wght.ttf */ = {isa = PBXFileReference; lastKnownFileType = file; name = "Montserrat-Italic-VariableFont_wght.ttf"; path = "../../assets/fonts/Montserrat-Italic-VariableFont_wght.ttf"; sourceTree = "<group>"; };
		8CC308292BB378F800D70C69 /* Nunito-VariableFont_wght.ttf */ = {isa = PBXFileReference; lastKnownFileType = file; name = "Nunito-VariableFont_wght.ttf"; path = "../../assets/fonts/Nunito-VariableFont_wght.ttf"; sourceTree = "<group>"; };
		8CC3082A2BB378F800D70C69 /* Nunito-Italic-VariableFont_wght.ttf */ = {isa = PBXFileReference; lastKnownFileType = file; name = "Nunito-Italic-VariableFont_wght.ttf"; path = "../../assets/fonts/Nunito-Italic-VariableFont_wght.ttf"; sourceTree = "<group>"; };
		8CDF7ACA2BA3C1E700C5F5FE /* CobaltMobileRNRelease.entitlements */ = {isa = PBXFileReference; lastKnownFileType = text.plist.entitlements; name = CobaltMobileRNRelease.entitlements; path = CobaltMobileRN/CobaltMobileRNRelease.entitlements; sourceTree = "<group>"; };
		8CFA35FB2BA18D80009546C7 /* FaissBridge.h */ = {isa = PBXFileReference; lastKnownFileType = sourcecode.c.h; path = FaissBridge.h; sourceTree = "<group>"; };
		8CFA35FC2BA18D80009546C7 /* FaissBridge.m */ = {isa = PBXFileReference; lastKnownFileType = sourcecode.c.objc; path = FaissBridge.m; sourceTree = "<group>"; };
		8CFA36172BA286B2009546C7 /* CobaltMobileRN-Bridging-Header.h */ = {isa = PBXFileReference; lastKnownFileType = sourcecode.c.h; path = "CobaltMobileRN-Bridging-Header.h"; sourceTree = "<group>"; };
		8CFA36222BA291D4009546C7 /* LLMNativeModule.swift */ = {isa = PBXFileReference; lastKnownFileType = sourcecode.swift; path = LLMNativeModule.swift; sourceTree = "<group>"; };
		8CFA36242BA29209009546C7 /* LLMNativeModule.m */ = {isa = PBXFileReference; lastKnownFileType = sourcecode.c.objc; path = LLMNativeModule.m; sourceTree = "<group>"; };
		ED297162215061F000B7C4FE /* JavaScriptCore.framework */ = {isa = PBXFileReference; lastKnownFileType = wrapper.framework; name = JavaScriptCore.framework; path = System/Library/Frameworks/JavaScriptCore.framework; sourceTree = SDKROOT; };
/* End PBXFileReference section */

/* Begin PBXFrameworksBuildPhase section */
		00E356EB1AD99517003FC87E /* Frameworks */ = {
			isa = PBXFrameworksBuildPhase;
			buildActionMask = 2147483647;
			files = (
				7699B88040F8A987B510C191 /* libPods-CobaltMobileRN-CobaltMobileRNTests.a in Frameworks */,
			);
			runOnlyForDeploymentPostprocessing = 0;
		};
		13B07F8C1A680F5B00A75B9A /* Frameworks */ = {
			isa = PBXFrameworksBuildPhase;
			buildActionMask = 2147483647;
			files = (
				8CFD0A222BA3E6340080EBE1 /* FAISS in Frameworks */,
				8C022CDE2BB5CEE500CBB95A /* StoreKit.framework in Frameworks */,
				8CFA36082BA1A408009546C7 /* MLXOptimizers in Frameworks */,
				8CFD0A1D2BA3E32C0080EBE1 /* OpenMP in Frameworks */,
				8CFD0A242BA3E6340080EBE1 /* FAISS_C in Frameworks */,
				8CFA36282BA299C9009546C7 /* AsyncAlgorithms in Frameworks */,
				8CFA36002BA1A408009546C7 /* MLX in Frameworks */,
				8C33BC3C2BA430B60023A2D9 /* Transformers in Frameworks */,
				8C9AAF892BAB279300FF60EF /* Tiktoken in Frameworks */,
				8CFA36042BA1A408009546C7 /* MLXLinalg in Frameworks */,
				0C80B921A6F3F58F76C31292 /* libPods-CobaltMobileRN.a in Frameworks */,
				8CFA36062BA1A408009546C7 /* MLXNN in Frameworks */,
				8CFA36022BA1A408009546C7 /* MLXFFT in Frameworks */,
				8CFA360A2BA1A408009546C7 /* MLXRandom in Frameworks */,
			);
			runOnlyForDeploymentPostprocessing = 0;
		};
/* End PBXFrameworksBuildPhase section */

/* Begin PBXGroup section */
		00E356EF1AD99517003FC87E /* CobaltMobileRNTests */ = {
			isa = PBXGroup;
			children = (
				00E356F21AD99517003FC87E /* CobaltMobileRNTests.m */,
				00E356F01AD99517003FC87E /* Supporting Files */,
			);
			path = CobaltMobileRNTests;
			sourceTree = "<group>";
		};
		00E356F01AD99517003FC87E /* Supporting Files */ = {
			isa = PBXGroup;
			children = (
				00E356F11AD99517003FC87E /* Info.plist */,
			);
			name = "Supporting Files";
			sourceTree = "<group>";
		};
		13B07FAE1A68108700A75B9A /* CobaltMobileRN */ = {
			isa = PBXGroup;
			children = (
				8C174FB12BACA2510085DF07 /* Fonts */,
				8CFD0A252BA3EDF40080EBE1 /* Models */,
				8CDF7ACA2BA3C1E700C5F5FE /* CobaltMobileRNRelease.entitlements */,
				8CACCE612BA2C3EF004643C2 /* CobaltMobileRNDebug.entitlements */,
				8CFA36452BA29D57009546C7 /* LLM */,
				8CFA36172BA286B2009546C7 /* CobaltMobileRN-Bridging-Header.h */,
				13B07FAF1A68108700A75B9A /* AppDelegate.h */,
				13B07FB01A68108700A75B9A /* AppDelegate.mm */,
				13B07FB51A68108700A75B9A /* Images.xcassets */,
				13B07FB61A68108700A75B9A /* Info.plist */,
				81AB9BB72411601600AC10FF /* LaunchScreen.storyboard */,
				13B07FB71A68108700A75B9A /* main.m */,
				8CFA35FB2BA18D80009546C7 /* FaissBridge.h */,
				8CFA35FC2BA18D80009546C7 /* FaissBridge.m */,
				8CFA36222BA291D4009546C7 /* LLMNativeModule.swift */,
				8CFA36242BA29209009546C7 /* LLMNativeModule.m */,
				8C33BC322BA418EC0023A2D9 /* TextFeatureExtractor.swift */,
				8C33BC342BA419EA0023A2D9 /* TextFeatureExtractor.m */,
				8C9AAF8C2BAB2B4100FF60EF /* NativeTokenizer.m */,
				8C9AAF8E2BAB2C7300FF60EF /* NativeTokenizer.swift */,
				8C022CDF2BB5D67900CBB95A /* SyncedProducts.storekit */,
			);
			name = CobaltMobileRN;
			sourceTree = "<group>";
		};
		2D16E6871FA4F8E400B85C8A /* Frameworks */ = {
			isa = PBXGroup;
			children = (
				8C022CDD2BB5CEE500CBB95A /* StoreKit.framework */,
				ED297162215061F000B7C4FE /* JavaScriptCore.framework */,
				5DCACB8F33CDC322A6C60F78 /* libPods-CobaltMobileRN.a */,
				19F6CBCC0A4E27FBF8BF4A61 /* libPods-CobaltMobileRN-CobaltMobileRNTests.a */,
			);
			name = Frameworks;
			sourceTree = "<group>";
		};
		832341AE1AAA6A7D00B99B32 /* Libraries */ = {
			isa = PBXGroup;
			children = (
			);
			name = Libraries;
			sourceTree = "<group>";
		};
		83CBB9F61A601CBA00E9B192 = {
			isa = PBXGroup;
			children = (
				13B07FAE1A68108700A75B9A /* CobaltMobileRN */,
				832341AE1AAA6A7D00B99B32 /* Libraries */,
				00E356EF1AD99517003FC87E /* CobaltMobileRNTests */,
				83CBBA001A601CBA00E9B192 /* Products */,
				2D16E6871FA4F8E400B85C8A /* Frameworks */,
				BBD78D7AC51CEA395F1C20DB /* Pods */,
			);
			indentWidth = 2;
			sourceTree = "<group>";
			tabWidth = 2;
			usesTabs = 0;
		};
		83CBBA001A601CBA00E9B192 /* Products */ = {
			isa = PBXGroup;
			children = (
				13B07F961A680F5B00A75B9A /* CobaltMobileRN.app */,
				00E356EE1AD99517003FC87E /* CobaltMobileRNTests.xctest */,
			);
			name = Products;
			sourceTree = "<group>";
		};
		8C174FB12BACA2510085DF07 /* Fonts */ = {
			isa = PBXGroup;
			children = (
				8CC308282BB378F800D70C69 /* Montserrat-Italic-VariableFont_wght.ttf */,
				8CC308272BB378F800D70C69 /* Montserrat-VariableFont_wght.ttf */,
				8CC3082A2BB378F800D70C69 /* Nunito-Italic-VariableFont_wght.ttf */,
				8CC308292BB378F800D70C69 /* Nunito-VariableFont_wght.ttf */,
				8C99CED82BACA4E600400086 /* Ionicons.ttf */,
			);
			path = Fonts;
			sourceTree = "<group>";
		};
		8CFA36452BA29D57009546C7 /* LLM */ = {
			isa = PBXGroup;
			children = (
				8CACCE482BA29DD2004643C2 /* Configuration.swift */,
				8CACCE472BA29DD2004643C2 /* Evaluate.swift */,
				8CACCE592BA2BC32004643C2 /* Llama.swift */,
				8CACCE4C2BA29DD2004643C2 /* LLMModel.swift */,
				8CACCE5B2BA2BC50004643C2 /* Gemma.swift */,
				8CACCE5D2BA2BC50004643C2 /* Qwen2.swift */,
				8CACCE5C2BA2BC50004643C2 /* Starcoder2.swift */,
				8CACCE4A2BA29DD2004643C2 /* Load.swift */,
				8CACCE4D2BA29DD2004643C2 /* Models.swift */,
				8CACCE4E2BA29DD2004643C2 /* Phi.swift */,
				8CACCE4B2BA29DD2004643C2 /* Tokenizer.swift */,
			);
			name = LLM;
			sourceTree = "<group>";
		};
		8CFD0A252BA3EDF40080EBE1 /* Models */ = {
			isa = PBXGroup;
			children = (
				8C097E642BB19BE70078CE31 /* CodeGen-merges.txt */,
				8C097E652BB19BE70078CE31 /* CodeGen-vocab.json */,
				8C33BC3F2BA563BE0023A2D9 /* all-MiniLM-L6-v2-coreml-float32.mlpackage */,
				8C33BC382BA42DD40023A2D9 /* MiniLM-vocab.txt */,
				8C33BC3D2BA43DEC0023A2D9 /* BertTokenizer.swift */,
				8C097E572BB0EC9C0078CE31 /* CodeGenTokenizer.swift */,
			);
			path = Models;
			sourceTree = "<group>";
		};
		BBD78D7AC51CEA395F1C20DB /* Pods */ = {
			isa = PBXGroup;
			children = (
				3B4392A12AC88292D35C810B /* Pods-CobaltMobileRN.debug.xcconfig */,
				5709B34CF0A7D63546082F79 /* Pods-CobaltMobileRN.release.xcconfig */,
				5B7EB9410499542E8C5724F5 /* Pods-CobaltMobileRN-CobaltMobileRNTests.debug.xcconfig */,
				89C6BE57DB24E9ADA2F236DE /* Pods-CobaltMobileRN-CobaltMobileRNTests.release.xcconfig */,
			);
			path = Pods;
			sourceTree = "<group>";
		};
/* End PBXGroup section */

/* Begin PBXNativeTarget section */
		00E356ED1AD99517003FC87E /* CobaltMobileRNTests */ = {
			isa = PBXNativeTarget;
			buildConfigurationList = 00E357021AD99517003FC87E /* Build configuration list for PBXNativeTarget "CobaltMobileRNTests" */;
			buildPhases = (
				A55EABD7B0C7F3A422A6CC61 /* [CP] Check Pods Manifest.lock */,
				00E356EA1AD99517003FC87E /* Sources */,
				00E356EB1AD99517003FC87E /* Frameworks */,
				00E356EC1AD99517003FC87E /* Resources */,
				C59DA0FBD6956966B86A3779 /* [CP] Embed Pods Frameworks */,
				F6A41C54EA430FDDC6A6ED99 /* [CP] Copy Pods Resources */,
			);
			buildRules = (
			);
			dependencies = (
				00E356F51AD99517003FC87E /* PBXTargetDependency */,
			);
			name = CobaltMobileRNTests;
			productName = CobaltMobileRNTests;
			productReference = 00E356EE1AD99517003FC87E /* CobaltMobileRNTests.xctest */;
			productType = "com.apple.product-type.bundle.unit-test";
		};
		13B07F861A680F5B00A75B9A /* CobaltMobileRN */ = {
			isa = PBXNativeTarget;
			buildConfigurationList = 13B07F931A680F5B00A75B9A /* Build configuration list for PBXNativeTarget "CobaltMobileRN" */;
			buildPhases = (
				C38B50BA6285516D6DCD4F65 /* [CP] Check Pods Manifest.lock */,
				13B07F871A680F5B00A75B9A /* Sources */,
				13B07F8C1A680F5B00A75B9A /* Frameworks */,
				13B07F8E1A680F5B00A75B9A /* Resources */,
				00DD1BFF1BD5951E006B06BC /* Bundle React Native code and images */,
				00EEFC60759A1932668264C0 /* [CP] Embed Pods Frameworks */,
				E235C05ADACE081382539298 /* [CP] Copy Pods Resources */,
			);
			buildRules = (
			);
			dependencies = (
			);
			name = CobaltMobileRN;
			packageProductDependencies = (
				8CFA35FF2BA1A408009546C7 /* MLX */,
				8CFA36012BA1A408009546C7 /* MLXFFT */,
				8CFA36032BA1A408009546C7 /* MLXLinalg */,
				8CFA36052BA1A408009546C7 /* MLXNN */,
				8CFA36072BA1A408009546C7 /* MLXOptimizers */,
				8CFA36092BA1A408009546C7 /* MLXRandom */,
				8CFA36272BA299C9009546C7 /* AsyncAlgorithms */,
				8CFD0A1C2BA3E32C0080EBE1 /* OpenMP */,
				8CFD0A212BA3E6340080EBE1 /* FAISS */,
				8CFD0A232BA3E6340080EBE1 /* FAISS_C */,
				8C33BC3B2BA430B60023A2D9 /* Transformers */,
				8C9AAF882BAB279300FF60EF /* Tiktoken */,
			);
			productName = CobaltMobileRN;
			productReference = 13B07F961A680F5B00A75B9A /* CobaltMobileRN.app */;
			productType = "com.apple.product-type.application";
		};
/* End PBXNativeTarget section */

/* Begin PBXProject section */
		83CBB9F71A601CBA00E9B192 /* Project object */ = {
			isa = PBXProject;
			attributes = {
				LastUpgradeCheck = 1210;
				TargetAttributes = {
					00E356ED1AD99517003FC87E = {
						CreatedOnToolsVersion = 6.2;
						TestTargetID = 13B07F861A680F5B00A75B9A;
					};
					13B07F861A680F5B00A75B9A = {
						LastSwiftMigration = 1500;
					};
				};
			};
			buildConfigurationList = 83CBB9FA1A601CBA00E9B192 /* Build configuration list for PBXProject "CobaltMobileRN" */;
			compatibilityVersion = "Xcode 12.0";
			developmentRegion = en;
			hasScannedForEncodings = 0;
			knownRegions = (
				en,
				Base,
			);
			mainGroup = 83CBB9F61A601CBA00E9B192;
			packageReferences = (
				8CFA35FE2BA1A408009546C7 /* XCRemoteSwiftPackageReference "mlx-swift" */,
				8CFA36262BA299C9009546C7 /* XCRemoteSwiftPackageReference "swift-async-algorithms" */,
				8CFD0A1B2BA3E32C0080EBE1 /* XCRemoteSwiftPackageReference "openmp-mobile" */,
				8CFD0A202BA3E6340080EBE1 /* XCRemoteSwiftPackageReference "faiss-mobile" */,
				8C33BC3A2BA430B60023A2D9 /* XCRemoteSwiftPackageReference "swift-transformers" */,
				8C9AAF872BAB279300FF60EF /* XCRemoteSwiftPackageReference "Tiktoken" */,
			);
			productRefGroup = 83CBBA001A601CBA00E9B192 /* Products */;
			projectDirPath = "";
			projectRoot = "";
			targets = (
				13B07F861A680F5B00A75B9A /* CobaltMobileRN */,
				00E356ED1AD99517003FC87E /* CobaltMobileRNTests */,
			);
		};
/* End PBXProject section */

/* Begin PBXResourcesBuildPhase section */
		00E356EC1AD99517003FC87E /* Resources */ = {
			isa = PBXResourcesBuildPhase;
			buildActionMask = 2147483647;
			files = (
			);
			runOnlyForDeploymentPostprocessing = 0;
		};
		13B07F8E1A680F5B00A75B9A /* Resources */ = {
			isa = PBXResourcesBuildPhase;
			buildActionMask = 2147483647;
			files = (
				8CC3082C2BB378F900D70C69 /* Montserrat-Italic-VariableFont_wght.ttf in Resources */,
				8C33BC392BA42DD40023A2D9 /* MiniLM-vocab.txt in Resources */,
				8CC3082E2BB378F900D70C69 /* Nunito-Italic-VariableFont_wght.ttf in Resources */,
				81AB9BB82411601600AC10FF /* LaunchScreen.storyboard in Resources */,
				8CC3082B2BB378F900D70C69 /* Montserrat-VariableFont_wght.ttf in Resources */,
				8CC3082D2BB378F900D70C69 /* Nunito-VariableFont_wght.ttf in Resources */,
				8C99CED92BACA4E600400086 /* Ionicons.ttf in Resources */,
				8C022CE02BB5D67900CBB95A /* SyncedProducts.storekit in Resources */,
				8C097E672BB19BE70078CE31 /* CodeGen-vocab.json in Resources */,
				13B07FBF1A68108700A75B9A /* Images.xcassets in Resources */,
				8C097E662BB19BE70078CE31 /* CodeGen-merges.txt in Resources */,
			);
			runOnlyForDeploymentPostprocessing = 0;
		};
/* End PBXResourcesBuildPhase section */

/* Begin PBXShellScriptBuildPhase section */
		00DD1BFF1BD5951E006B06BC /* Bundle React Native code and images */ = {
			isa = PBXShellScriptBuildPhase;
			buildActionMask = 2147483647;
			files = (
			);
			inputPaths = (
				"$(SRCROOT)/.xcode.env.local",
				"$(SRCROOT)/.xcode.env",
			);
			name = "Bundle React Native code and images";
			outputPaths = (
			);
			runOnlyForDeploymentPostprocessing = 0;
			shellPath = /bin/sh;
			shellScript = "set -e\n\nWITH_ENVIRONMENT=\"../node_modules/react-native/scripts/xcode/with-environment.sh\"\nREACT_NATIVE_XCODE=\"../node_modules/react-native/scripts/react-native-xcode.sh\"\n\n/bin/sh -c \"$WITH_ENVIRONMENT $REACT_NATIVE_XCODE\"\n";
		};
		00EEFC60759A1932668264C0 /* [CP] Embed Pods Frameworks */ = {
			isa = PBXShellScriptBuildPhase;
			buildActionMask = 2147483647;
			files = (
			);
			inputFileListPaths = (
				"${PODS_ROOT}/Target Support Files/Pods-CobaltMobileRN/Pods-CobaltMobileRN-frameworks-${CONFIGURATION}-input-files.xcfilelist",
			);
			name = "[CP] Embed Pods Frameworks";
			outputFileListPaths = (
				"${PODS_ROOT}/Target Support Files/Pods-CobaltMobileRN/Pods-CobaltMobileRN-frameworks-${CONFIGURATION}-output-files.xcfilelist",
			);
			runOnlyForDeploymentPostprocessing = 0;
			shellPath = /bin/sh;
			shellScript = "\"${PODS_ROOT}/Target Support Files/Pods-CobaltMobileRN/Pods-CobaltMobileRN-frameworks.sh\"\n";
			showEnvVarsInLog = 0;
		};
		A55EABD7B0C7F3A422A6CC61 /* [CP] Check Pods Manifest.lock */ = {
			isa = PBXShellScriptBuildPhase;
			buildActionMask = 2147483647;
			files = (
			);
			inputFileListPaths = (
			);
			inputPaths = (
				"${PODS_PODFILE_DIR_PATH}/Podfile.lock",
				"${PODS_ROOT}/Manifest.lock",
			);
			name = "[CP] Check Pods Manifest.lock";
			outputFileListPaths = (
			);
			outputPaths = (
				"$(DERIVED_FILE_DIR)/Pods-CobaltMobileRN-CobaltMobileRNTests-checkManifestLockResult.txt",
			);
			runOnlyForDeploymentPostprocessing = 0;
			shellPath = /bin/sh;
			shellScript = "diff \"${PODS_PODFILE_DIR_PATH}/Podfile.lock\" \"${PODS_ROOT}/Manifest.lock\" > /dev/null\nif [ $? != 0 ] ; then\n    # print error to STDERR\n    echo \"error: The sandbox is not in sync with the Podfile.lock. Run 'pod install' or update your CocoaPods installation.\" >&2\n    exit 1\nfi\n# This output is used by Xcode 'outputs' to avoid re-running this script phase.\necho \"SUCCESS\" > \"${SCRIPT_OUTPUT_FILE_0}\"\n";
			showEnvVarsInLog = 0;
		};
		C38B50BA6285516D6DCD4F65 /* [CP] Check Pods Manifest.lock */ = {
			isa = PBXShellScriptBuildPhase;
			buildActionMask = 2147483647;
			files = (
			);
			inputFileListPaths = (
			);
			inputPaths = (
				"${PODS_PODFILE_DIR_PATH}/Podfile.lock",
				"${PODS_ROOT}/Manifest.lock",
			);
			name = "[CP] Check Pods Manifest.lock";
			outputFileListPaths = (
			);
			outputPaths = (
				"$(DERIVED_FILE_DIR)/Pods-CobaltMobileRN-checkManifestLockResult.txt",
			);
			runOnlyForDeploymentPostprocessing = 0;
			shellPath = /bin/sh;
			shellScript = "diff \"${PODS_PODFILE_DIR_PATH}/Podfile.lock\" \"${PODS_ROOT}/Manifest.lock\" > /dev/null\nif [ $? != 0 ] ; then\n    # print error to STDERR\n    echo \"error: The sandbox is not in sync with the Podfile.lock. Run 'pod install' or update your CocoaPods installation.\" >&2\n    exit 1\nfi\n# This output is used by Xcode 'outputs' to avoid re-running this script phase.\necho \"SUCCESS\" > \"${SCRIPT_OUTPUT_FILE_0}\"\n";
			showEnvVarsInLog = 0;
		};
		C59DA0FBD6956966B86A3779 /* [CP] Embed Pods Frameworks */ = {
			isa = PBXShellScriptBuildPhase;
			buildActionMask = 2147483647;
			files = (
			);
			inputFileListPaths = (
				"${PODS_ROOT}/Target Support Files/Pods-CobaltMobileRN-CobaltMobileRNTests/Pods-CobaltMobileRN-CobaltMobileRNTests-frameworks-${CONFIGURATION}-input-files.xcfilelist",
			);
			name = "[CP] Embed Pods Frameworks";
			outputFileListPaths = (
				"${PODS_ROOT}/Target Support Files/Pods-CobaltMobileRN-CobaltMobileRNTests/Pods-CobaltMobileRN-CobaltMobileRNTests-frameworks-${CONFIGURATION}-output-files.xcfilelist",
			);
			runOnlyForDeploymentPostprocessing = 0;
			shellPath = /bin/sh;
			shellScript = "\"${PODS_ROOT}/Target Support Files/Pods-CobaltMobileRN-CobaltMobileRNTests/Pods-CobaltMobileRN-CobaltMobileRNTests-frameworks.sh\"\n";
			showEnvVarsInLog = 0;
		};
		E235C05ADACE081382539298 /* [CP] Copy Pods Resources */ = {
			isa = PBXShellScriptBuildPhase;
			buildActionMask = 2147483647;
			files = (
			);
			inputFileListPaths = (
				"${PODS_ROOT}/Target Support Files/Pods-CobaltMobileRN/Pods-CobaltMobileRN-resources-${CONFIGURATION}-input-files.xcfilelist",
			);
			name = "[CP] Copy Pods Resources";
			outputFileListPaths = (
				"${PODS_ROOT}/Target Support Files/Pods-CobaltMobileRN/Pods-CobaltMobileRN-resources-${CONFIGURATION}-output-files.xcfilelist",
			);
			runOnlyForDeploymentPostprocessing = 0;
			shellPath = /bin/sh;
			shellScript = "\"${PODS_ROOT}/Target Support Files/Pods-CobaltMobileRN/Pods-CobaltMobileRN-resources.sh\"\n";
			showEnvVarsInLog = 0;
		};
		F6A41C54EA430FDDC6A6ED99 /* [CP] Copy Pods Resources */ = {
			isa = PBXShellScriptBuildPhase;
			buildActionMask = 2147483647;
			files = (
			);
			inputFileListPaths = (
				"${PODS_ROOT}/Target Support Files/Pods-CobaltMobileRN-CobaltMobileRNTests/Pods-CobaltMobileRN-CobaltMobileRNTests-resources-${CONFIGURATION}-input-files.xcfilelist",
			);
			name = "[CP] Copy Pods Resources";
			outputFileListPaths = (
				"${PODS_ROOT}/Target Support Files/Pods-CobaltMobileRN-CobaltMobileRNTests/Pods-CobaltMobileRN-CobaltMobileRNTests-resources-${CONFIGURATION}-output-files.xcfilelist",
			);
			runOnlyForDeploymentPostprocessing = 0;
			shellPath = /bin/sh;
			shellScript = "\"${PODS_ROOT}/Target Support Files/Pods-CobaltMobileRN-CobaltMobileRNTests/Pods-CobaltMobileRN-CobaltMobileRNTests-resources.sh\"\n";
			showEnvVarsInLog = 0;
		};
/* End PBXShellScriptBuildPhase section */

/* Begin PBXSourcesBuildPhase section */
		00E356EA1AD99517003FC87E /* Sources */ = {
			isa = PBXSourcesBuildPhase;
			buildActionMask = 2147483647;
			files = (
				00E356F31AD99517003FC87E /* CobaltMobileRNTests.m in Sources */,
			);
			runOnlyForDeploymentPostprocessing = 0;
		};
		13B07F871A680F5B00A75B9A /* Sources */ = {
			isa = PBXSourcesBuildPhase;
			buildActionMask = 2147483647;
			files = (
				8CACCE542BA29DD2004643C2 /* Models.swift in Sources */,
				8CFA36232BA291D4009546C7 /* LLMNativeModule.swift in Sources */,
				8CACCE532BA29DD2004643C2 /* LLMModel.swift in Sources */,
				8C33BC402BA563BE0023A2D9 /* all-MiniLM-L6-v2-coreml-float32.mlpackage in Sources */,
				8CACCE602BA2BC50004643C2 /* Qwen2.swift in Sources */,
				8CACCE5E2BA2BC50004643C2 /* Gemma.swift in Sources */,
				8CFA35FD2BA18D80009546C7 /* FaissBridge.m in Sources */,
				8CACCE502BA29DD2004643C2 /* Configuration.swift in Sources */,
				8CACCE4F2BA29DD2004643C2 /* Evaluate.swift in Sources */,
				8CFA36252BA29209009546C7 /* LLMNativeModule.m in Sources */,
				8C9AAF8F2BAB2C7300FF60EF /* NativeTokenizer.swift in Sources */,
				8C33BC332BA418EC0023A2D9 /* TextFeatureExtractor.swift in Sources */,
				8CACCE512BA29DD2004643C2 /* Load.swift in Sources */,
				8C33BC352BA419EA0023A2D9 /* TextFeatureExtractor.m in Sources */,
				8C9AAF8D2BAB2B4100FF60EF /* NativeTokenizer.m in Sources */,
				13B07FBC1A68108700A75B9A /* AppDelegate.mm in Sources */,
				8CACCE552BA29DD2004643C2 /* Phi.swift in Sources */,
				8CACCE5F2BA2BC50004643C2 /* Starcoder2.swift in Sources */,
				8C097E582BB0EC9C0078CE31 /* CodeGenTokenizer.swift in Sources */,
				8CACCE522BA29DD2004643C2 /* Tokenizer.swift in Sources */,
				13B07FC11A68108700A75B9A /* main.m in Sources */,
				8C33BC3E2BA43DEC0023A2D9 /* BertTokenizer.swift in Sources */,
				8CACCE5A2BA2BC32004643C2 /* Llama.swift in Sources */,
			);
			runOnlyForDeploymentPostprocessing = 0;
		};
/* End PBXSourcesBuildPhase section */

/* Begin PBXTargetDependency section */
		00E356F51AD99517003FC87E /* PBXTargetDependency */ = {
			isa = PBXTargetDependency;
			target = 13B07F861A680F5B00A75B9A /* CobaltMobileRN */;
			targetProxy = 00E356F41AD99517003FC87E /* PBXContainerItemProxy */;
		};
/* End PBXTargetDependency section */

/* Begin XCBuildConfiguration section */
		00E356F61AD99517003FC87E /* Debug */ = {
			isa = XCBuildConfiguration;
			baseConfigurationReference = 5B7EB9410499542E8C5724F5 /* Pods-CobaltMobileRN-CobaltMobileRNTests.debug.xcconfig */;
			buildSettings = {
				ALWAYS_EMBED_SWIFT_STANDARD_LIBRARIES = YES;
				BUNDLE_LOADER = "$(TEST_HOST)";
				GCC_PREPROCESSOR_DEFINITIONS = (
					"DEBUG=1",
					"$(inherited)",
				);
				INFOPLIST_FILE = CobaltMobileRNTests/Info.plist;
				IPHONEOS_DEPLOYMENT_TARGET = 13.4;
				LD_RUNPATH_SEARCH_PATHS = (
					"$(inherited)",
					"@executable_path/Frameworks",
					"@loader_path/Frameworks",
				);
				OTHER_LDFLAGS = (
					"-ObjC",
					"-lc++",
					"$(inherited)",
				);
				PRODUCT_BUNDLE_IDENTIFIER = "org.reactjs.native.example.$(PRODUCT_NAME:rfc1034identifier)";
				PRODUCT_NAME = "$(TARGET_NAME)";
				TEST_HOST = "$(BUILT_PRODUCTS_DIR)/CobaltMobileRN.app/CobaltMobileRN";
			};
			name = Debug;
		};
		00E356F71AD99517003FC87E /* Release */ = {
			isa = XCBuildConfiguration;
			baseConfigurationReference = 89C6BE57DB24E9ADA2F236DE /* Pods-CobaltMobileRN-CobaltMobileRNTests.release.xcconfig */;
			buildSettings = {
				ALWAYS_EMBED_SWIFT_STANDARD_LIBRARIES = YES;
				BUNDLE_LOADER = "$(TEST_HOST)";
				COPY_PHASE_STRIP = NO;
				INFOPLIST_FILE = CobaltMobileRNTests/Info.plist;
				IPHONEOS_DEPLOYMENT_TARGET = 13.4;
				LD_RUNPATH_SEARCH_PATHS = (
					"$(inherited)",
					"@executable_path/Frameworks",
					"@loader_path/Frameworks",
				);
				OTHER_LDFLAGS = (
					"-ObjC",
					"-lc++",
					"$(inherited)",
				);
				PRODUCT_BUNDLE_IDENTIFIER = "org.reactjs.native.example.$(PRODUCT_NAME:rfc1034identifier)";
				PRODUCT_NAME = "$(TARGET_NAME)";
				TEST_HOST = "$(BUILT_PRODUCTS_DIR)/CobaltMobileRN.app/CobaltMobileRN";
			};
			name = Release;
		};
		13B07F941A680F5B00A75B9A /* Debug */ = {
			isa = XCBuildConfiguration;
			baseConfigurationReference = 3B4392A12AC88292D35C810B /* Pods-CobaltMobileRN.debug.xcconfig */;
			buildSettings = {
				ASSETCATALOG_COMPILER_APPICON_NAME = AppIcon;
				ASSETCATALOG_COMPILER_INCLUDE_ALL_APPICON_ASSETS = YES;
				CLANG_ENABLE_MODULES = YES;
				CODE_SIGN_ENTITLEMENTS = CobaltMobileRN/CobaltMobileRNDebug.entitlements;
				CURRENT_PROJECT_VERSION = 3;
				DEVELOPMENT_TEAM = TY6EV5VRJ3;
				ENABLE_BITCODE = NO;
				INFOPLIST_FILE = CobaltMobileRN/Info.plist;
				INFOPLIST_KEY_CFBundleDisplayName = "Cobalt AI";
				INFOPLIST_KEY_LSApplicationCategoryType = "public.app-category.productivity";
				IPHONEOS_DEPLOYMENT_TARGET = 16.0;
				LD_RUNPATH_SEARCH_PATHS = (
					"$(inherited)",
					"@executable_path/Frameworks",
				);
				MARKETING_VERSION = 1.0;
				OTHER_LDFLAGS = (
					"$(inherited)",
					"-ObjC",
					"-lc++",
				);
				PRODUCT_BUNDLE_IDENTIFIER = to.tgoolsby.cobalt;
				PRODUCT_NAME = CobaltMobileRN;
				SUPPORTED_PLATFORMS = "iphoneos iphonesimulator";
				SUPPORTS_MACCATALYST = NO;
				SUPPORTS_MAC_DESIGNED_FOR_IPHONE_IPAD = NO;
				SUPPORTS_XR_DESIGNED_FOR_IPHONE_IPAD = NO;
				SWIFT_OBJC_BRIDGING_HEADER = "CobaltMobileRN-Bridging-Header.h";
				SWIFT_OPTIMIZATION_LEVEL = "-Onone";
				SWIFT_VERSION = 5.0;
				TARGETED_DEVICE_FAMILY = 1;
				VERSIONING_SYSTEM = "apple-generic";
			};
			name = Debug;
		};
		13B07F951A680F5B00A75B9A /* Release */ = {
			isa = XCBuildConfiguration;
			baseConfigurationReference = 5709B34CF0A7D63546082F79 /* Pods-CobaltMobileRN.release.xcconfig */;
			buildSettings = {
				ASSETCATALOG_COMPILER_APPICON_NAME = AppIcon;
				ASSETCATALOG_COMPILER_INCLUDE_ALL_APPICON_ASSETS = YES;
				CLANG_ENABLE_MODULES = YES;
				CODE_SIGN_ENTITLEMENTS = CobaltMobileRN/CobaltMobileRNRelease.entitlements;
				CURRENT_PROJECT_VERSION = 3;
				DEVELOPMENT_TEAM = TY6EV5VRJ3;
				INFOPLIST_FILE = CobaltMobileRN/Info.plist;
				INFOPLIST_KEY_CFBundleDisplayName = "Cobalt AI";
				INFOPLIST_KEY_LSApplicationCategoryType = "public.app-category.productivity";
				IPHONEOS_DEPLOYMENT_TARGET = 16.0;
				LD_RUNPATH_SEARCH_PATHS = (
					"$(inherited)",
					"@executable_path/Frameworks",
				);
				MARKETING_VERSION = 1.0;
				OTHER_LDFLAGS = (
					"$(inherited)",
					"-ObjC",
					"-lc++",
				);
				PRODUCT_BUNDLE_IDENTIFIER = to.tgoolsby.cobalt;
				PRODUCT_NAME = CobaltMobileRN;
				SUPPORTED_PLATFORMS = "iphoneos iphonesimulator";
				SUPPORTS_MACCATALYST = NO;
				SUPPORTS_MAC_DESIGNED_FOR_IPHONE_IPAD = NO;
				SUPPORTS_XR_DESIGNED_FOR_IPHONE_IPAD = NO;
				SWIFT_OBJC_BRIDGING_HEADER = "CobaltMobileRN-Bridging-Header.h";
				SWIFT_VERSION = 5.0;
				TARGETED_DEVICE_FAMILY = 1;
				VERSIONING_SYSTEM = "apple-generic";
			};
			name = Release;
		};
		83CBBA201A601CBA00E9B192 /* Debug */ = {
			isa = XCBuildConfiguration;
			buildSettings = {
				ALWAYS_SEARCH_USER_PATHS = NO;
				CLANG_ANALYZER_LOCALIZABILITY_NONLOCALIZED = YES;
				CLANG_CXX_LANGUAGE_STANDARD = "c++20";
				CLANG_CXX_LIBRARY = "libc++";
				CLANG_ENABLE_MODULES = YES;
				CLANG_ENABLE_OBJC_ARC = YES;
				CLANG_WARN_BLOCK_CAPTURE_AUTORELEASING = YES;
				CLANG_WARN_BOOL_CONVERSION = YES;
				CLANG_WARN_COMMA = YES;
				CLANG_WARN_CONSTANT_CONVERSION = YES;
				CLANG_WARN_DEPRECATED_OBJC_IMPLEMENTATIONS = YES;
				CLANG_WARN_DIRECT_OBJC_ISA_USAGE = YES_ERROR;
				CLANG_WARN_EMPTY_BODY = YES;
				CLANG_WARN_ENUM_CONVERSION = YES;
				CLANG_WARN_INFINITE_RECURSION = YES;
				CLANG_WARN_INT_CONVERSION = YES;
				CLANG_WARN_NON_LITERAL_NULL_CONVERSION = YES;
				CLANG_WARN_OBJC_IMPLICIT_RETAIN_SELF = YES;
				CLANG_WARN_OBJC_LITERAL_CONVERSION = YES;
				CLANG_WARN_OBJC_ROOT_CLASS = YES_ERROR;
				CLANG_WARN_QUOTED_INCLUDE_IN_FRAMEWORK_HEADER = YES;
				CLANG_WARN_RANGE_LOOP_ANALYSIS = YES;
				CLANG_WARN_STRICT_PROTOTYPES = YES;
				CLANG_WARN_SUSPICIOUS_MOVE = YES;
				CLANG_WARN_UNREACHABLE_CODE = YES;
				CLANG_WARN__DUPLICATE_METHOD_MATCH = YES;
				"CODE_SIGN_IDENTITY[sdk=iphoneos*]" = "iPhone Developer";
				COPY_PHASE_STRIP = NO;
				ENABLE_STRICT_OBJC_MSGSEND = YES;
				ENABLE_TESTABILITY = YES;
				"EXCLUDED_ARCHS[sdk=iphonesimulator*]" = i386;
				GCC_C_LANGUAGE_STANDARD = gnu99;
				GCC_DYNAMIC_NO_PIC = NO;
				GCC_NO_COMMON_BLOCKS = YES;
				GCC_OPTIMIZATION_LEVEL = 0;
				GCC_PREPROCESSOR_DEFINITIONS = (
					"DEBUG=1",
					"$(inherited)",
				);
				GCC_SYMBOLS_PRIVATE_EXTERN = NO;
				GCC_WARN_64_TO_32_BIT_CONVERSION = YES;
				GCC_WARN_ABOUT_RETURN_TYPE = YES_ERROR;
				GCC_WARN_UNDECLARED_SELECTOR = YES;
				GCC_WARN_UNINITIALIZED_AUTOS = YES_AGGRESSIVE;
				GCC_WARN_UNUSED_FUNCTION = YES;
				GCC_WARN_UNUSED_VARIABLE = YES;
				IPHONEOS_DEPLOYMENT_TARGET = 13.4;
				LD_RUNPATH_SEARCH_PATHS = (
					/usr/lib/swift,
					"$(inherited)",
				);
				LIBRARY_SEARCH_PATHS = (
					"\"$(SDKROOT)/usr/lib/swift\"",
					"\"$(TOOLCHAIN_DIR)/usr/lib/swift/$(PLATFORM_NAME)\"",
					"\"$(inherited)\"",
				);
				MTL_ENABLE_DEBUG_INFO = YES;
				ONLY_ACTIVE_ARCH = YES;
				OTHER_CFLAGS = "$(inherited)";
				OTHER_CPLUSPLUSFLAGS = (
					"$(OTHER_CFLAGS)",
					"-DFOLLY_NO_CONFIG",
					"-DFOLLY_MOBILE=1",
					"-DFOLLY_USE_LIBCPP=1",
					"-DFOLLY_CFG_NO_COROUTINES=1",
				);
				OTHER_LDFLAGS = "$(inherited)";
				REACT_NATIVE_PATH = "${PODS_ROOT}/../../node_modules/react-native";
				SDKROOT = iphoneos;
				SWIFT_OBJC_BRIDGING_HEADER = "CobaltMobileRN-Bridging-Header.h";
				USE_HERMES = true;
			};
			name = Debug;
		};
		83CBBA211A601CBA00E9B192 /* Release */ = {
			isa = XCBuildConfiguration;
			buildSettings = {
				ALWAYS_SEARCH_USER_PATHS = NO;
				CLANG_ANALYZER_LOCALIZABILITY_NONLOCALIZED = YES;
				CLANG_CXX_LANGUAGE_STANDARD = "c++20";
				CLANG_CXX_LIBRARY = "libc++";
				CLANG_ENABLE_MODULES = YES;
				CLANG_ENABLE_OBJC_ARC = YES;
				CLANG_WARN_BLOCK_CAPTURE_AUTORELEASING = YES;
				CLANG_WARN_BOOL_CONVERSION = YES;
				CLANG_WARN_COMMA = YES;
				CLANG_WARN_CONSTANT_CONVERSION = YES;
				CLANG_WARN_DEPRECATED_OBJC_IMPLEMENTATIONS = YES;
				CLANG_WARN_DIRECT_OBJC_ISA_USAGE = YES_ERROR;
				CLANG_WARN_EMPTY_BODY = YES;
				CLANG_WARN_ENUM_CONVERSION = YES;
				CLANG_WARN_INFINITE_RECURSION = YES;
				CLANG_WARN_INT_CONVERSION = YES;
				CLANG_WARN_NON_LITERAL_NULL_CONVERSION = YES;
				CLANG_WARN_OBJC_IMPLICIT_RETAIN_SELF = YES;
				CLANG_WARN_OBJC_LITERAL_CONVERSION = YES;
				CLANG_WARN_OBJC_ROOT_CLASS = YES_ERROR;
				CLANG_WARN_QUOTED_INCLUDE_IN_FRAMEWORK_HEADER = YES;
				CLANG_WARN_RANGE_LOOP_ANALYSIS = YES;
				CLANG_WARN_STRICT_PROTOTYPES = YES;
				CLANG_WARN_SUSPICIOUS_MOVE = YES;
				CLANG_WARN_UNREACHABLE_CODE = YES;
				CLANG_WARN__DUPLICATE_METHOD_MATCH = YES;
				"CODE_SIGN_IDENTITY[sdk=iphoneos*]" = "iPhone Developer";
				COPY_PHASE_STRIP = YES;
				ENABLE_NS_ASSERTIONS = NO;
				ENABLE_STRICT_OBJC_MSGSEND = YES;
				"EXCLUDED_ARCHS[sdk=iphonesimulator*]" = i386;
				GCC_C_LANGUAGE_STANDARD = gnu99;
				GCC_NO_COMMON_BLOCKS = YES;
				GCC_WARN_64_TO_32_BIT_CONVERSION = YES;
				GCC_WARN_ABOUT_RETURN_TYPE = YES_ERROR;
				GCC_WARN_UNDECLARED_SELECTOR = YES;
				GCC_WARN_UNINITIALIZED_AUTOS = YES_AGGRESSIVE;
				GCC_WARN_UNUSED_FUNCTION = YES;
				GCC_WARN_UNUSED_VARIABLE = YES;
				IPHONEOS_DEPLOYMENT_TARGET = 13.4;
				LD_RUNPATH_SEARCH_PATHS = (
					/usr/lib/swift,
					"$(inherited)",
				);
				LIBRARY_SEARCH_PATHS = (
					"\"$(SDKROOT)/usr/lib/swift\"",
					"\"$(TOOLCHAIN_DIR)/usr/lib/swift/$(PLATFORM_NAME)\"",
					"\"$(inherited)\"",
				);
				MTL_ENABLE_DEBUG_INFO = NO;
				OTHER_CFLAGS = "$(inherited)";
				OTHER_CPLUSPLUSFLAGS = (
					"$(OTHER_CFLAGS)",
					"-DFOLLY_NO_CONFIG",
					"-DFOLLY_MOBILE=1",
					"-DFOLLY_USE_LIBCPP=1",
					"-DFOLLY_CFG_NO_COROUTINES=1",
				);
				OTHER_LDFLAGS = "$(inherited)";
				REACT_NATIVE_PATH = "${PODS_ROOT}/../../node_modules/react-native";
				SDKROOT = iphoneos;
				SWIFT_OBJC_BRIDGING_HEADER = "CobaltMobileRN-Bridging-Header.h";
				USE_HERMES = true;
				VALIDATE_PRODUCT = YES;
			};
			name = Release;
		};
/* End XCBuildConfiguration section */

/* Begin XCConfigurationList section */
		00E357021AD99517003FC87E /* Build configuration list for PBXNativeTarget "CobaltMobileRNTests" */ = {
			isa = XCConfigurationList;
			buildConfigurations = (
				00E356F61AD99517003FC87E /* Debug */,
				00E356F71AD99517003FC87E /* Release */,
			);
			defaultConfigurationIsVisible = 0;
			defaultConfigurationName = Release;
		};
		13B07F931A680F5B00A75B9A /* Build configuration list for PBXNativeTarget "CobaltMobileRN" */ = {
			isa = XCConfigurationList;
			buildConfigurations = (
				13B07F941A680F5B00A75B9A /* Debug */,
				13B07F951A680F5B00A75B9A /* Release */,
			);
			defaultConfigurationIsVisible = 0;
			defaultConfigurationName = Release;
		};
		83CBB9FA1A601CBA00E9B192 /* Build configuration list for PBXProject "CobaltMobileRN" */ = {
			isa = XCConfigurationList;
			buildConfigurations = (
				83CBBA201A601CBA00E9B192 /* Debug */,
				83CBBA211A601CBA00E9B192 /* Release */,
			);
			defaultConfigurationIsVisible = 0;
			defaultConfigurationName = Release;
		};
/* End XCConfigurationList section */

/* Begin XCRemoteSwiftPackageReference section */
		8C33BC3A2BA430B60023A2D9 /* XCRemoteSwiftPackageReference "swift-transformers" */ = {
			isa = XCRemoteSwiftPackageReference;
			repositoryURL = "https://github.com/huggingface/swift-transformers";
			requirement = {
				kind = exactVersion;
				version = 0.1.2;
			};
		};
		8C9AAF872BAB279300FF60EF /* XCRemoteSwiftPackageReference "Tiktoken" */ = {
			isa = XCRemoteSwiftPackageReference;
			repositoryURL = "https://github.com/aespinilla/Tiktoken";
			requirement = {
				kind = revision;
				revision = 4ad6460448278f7a28f1e4ee2723500369f20acb;
			};
		};
		8CFA35FE2BA1A408009546C7 /* XCRemoteSwiftPackageReference "mlx-swift" */ = {
			isa = XCRemoteSwiftPackageReference;
			repositoryURL = "https://github.com/ml-explore/mlx-swift";
			requirement = {
				kind = revision;
				revision = 948000ceaa27c343f4dd5ce40f727f221bf45c6e;
			};
		};
		8CFA36262BA299C9009546C7 /* XCRemoteSwiftPackageReference "swift-async-algorithms" */ = {
			isa = XCRemoteSwiftPackageReference;
			repositoryURL = "https://github.com/apple/swift-async-algorithms.git";
			requirement = {
				kind = exactVersion;
				version = 1.0.0;
			};
		};
		8CFD0A1B2BA3E32C0080EBE1 /* XCRemoteSwiftPackageReference "openmp-mobile" */ = {
			isa = XCRemoteSwiftPackageReference;
			repositoryURL = "https://github.com/DeveloperMindset-com/openmp-mobile";
			requirement = {
				kind = revision;
				revision = 06ebe6ac77da8e50557bfe5a5bca5a8acc7678b1;
			};
		};
		8CFD0A202BA3E6340080EBE1 /* XCRemoteSwiftPackageReference "faiss-mobile" */ = {
			isa = XCRemoteSwiftPackageReference;
			repositoryURL = "https://github.com/DeveloperMindset-com/faiss-mobile";
			requirement = {
				kind = revision;
				revision = bc775df1e598fca39f1c3588e3814e66e27430fc;
			};
		};
/* End XCRemoteSwiftPackageReference section */

/* Begin XCSwiftPackageProductDependency section */
		8C33BC3B2BA430B60023A2D9 /* Transformers */ = {
			isa = XCSwiftPackageProductDependency;
			package = 8C33BC3A2BA430B60023A2D9 /* XCRemoteSwiftPackageReference "swift-transformers" */;
			productName = Transformers;
		};
		8C9AAF882BAB279300FF60EF /* Tiktoken */ = {
			isa = XCSwiftPackageProductDependency;
			package = 8C9AAF872BAB279300FF60EF /* XCRemoteSwiftPackageReference "Tiktoken" */;
			productName = Tiktoken;
		};
		8CFA35FF2BA1A408009546C7 /* MLX */ = {
			isa = XCSwiftPackageProductDependency;
			package = 8CFA35FE2BA1A408009546C7 /* XCRemoteSwiftPackageReference "mlx-swift" */;
			productName = MLX;
		};
		8CFA36012BA1A408009546C7 /* MLXFFT */ = {
			isa = XCSwiftPackageProductDependency;
			package = 8CFA35FE2BA1A408009546C7 /* XCRemoteSwiftPackageReference "mlx-swift" */;
			productName = MLXFFT;
		};
		8CFA36032BA1A408009546C7 /* MLXLinalg */ = {
			isa = XCSwiftPackageProductDependency;
			package = 8CFA35FE2BA1A408009546C7 /* XCRemoteSwiftPackageReference "mlx-swift" */;
			productName = MLXLinalg;
		};
		8CFA36052BA1A408009546C7 /* MLXNN */ = {
			isa = XCSwiftPackageProductDependency;
			package = 8CFA35FE2BA1A408009546C7 /* XCRemoteSwiftPackageReference "mlx-swift" */;
			productName = MLXNN;
		};
		8CFA36072BA1A408009546C7 /* MLXOptimizers */ = {
			isa = XCSwiftPackageProductDependency;
			package = 8CFA35FE2BA1A408009546C7 /* XCRemoteSwiftPackageReference "mlx-swift" */;
			productName = MLXOptimizers;
		};
		8CFA36092BA1A408009546C7 /* MLXRandom */ = {
			isa = XCSwiftPackageProductDependency;
			package = 8CFA35FE2BA1A408009546C7 /* XCRemoteSwiftPackageReference "mlx-swift" */;
			productName = MLXRandom;
		};
		8CFA36272BA299C9009546C7 /* AsyncAlgorithms */ = {
			isa = XCSwiftPackageProductDependency;
			package = 8CFA36262BA299C9009546C7 /* XCRemoteSwiftPackageReference "swift-async-algorithms" */;
			productName = AsyncAlgorithms;
		};
		8CFD0A1C2BA3E32C0080EBE1 /* OpenMP */ = {
			isa = XCSwiftPackageProductDependency;
			package = 8CFD0A1B2BA3E32C0080EBE1 /* XCRemoteSwiftPackageReference "openmp-mobile" */;
			productName = OpenMP;
		};
		8CFD0A212BA3E6340080EBE1 /* FAISS */ = {
			isa = XCSwiftPackageProductDependency;
			package = 8CFD0A202BA3E6340080EBE1 /* XCRemoteSwiftPackageReference "faiss-mobile" */;
			productName = FAISS;
		};
		8CFD0A232BA3E6340080EBE1 /* FAISS_C */ = {
			isa = XCSwiftPackageProductDependency;
			package = 8CFD0A202BA3E6340080EBE1 /* XCRemoteSwiftPackageReference "faiss-mobile" */;
			productName = FAISS_C;
		};
/* End XCSwiftPackageProductDependency section */
	};
	rootObject = 83CBB9F71A601CBA00E9B192 /* Project object */;
}
